
Microsoft Visual Studio Solution File, Format Version 12.00
# Visual Studio Version 17
VisualStudioVersion = 17.6.33717.318
MinimumVisualStudioVersion = 10.0.40219.1
Project("{2150E333-8FDC-42A3-9474-1A3956D46DE8}") = "API", "API", "{500733FC-D3C2-4BF9-8173-F7C834138AFD}"
EndProject
Project("{9A19103F-16F7-4668-BE54-9A1E7A4F7556}") = "CleanArchitecture.API", "CleanArchitecture.API\CleanArchitecture.API.csproj", "{828ADCC2-6786-4725-8CF3-930DAC19E934}"
EndProject
Project("{2150E333-8FDC-42A3-9474-1A3956D46DE8}") = "Infrastructure", "Infrastructure", "{4B866164-D38D-4F25-BC92-303CD4D320E2}"
EndProject
Project("{2150E333-8FDC-42A3-9474-1A3956D46DE8}") = "Test", "Test", "{59FD7C9C-288D-4828-AC9A-BDCADD507E48}"
EndProject
Project("{FAE04EC0-301F-11D3-BF4B-00C04F79EFBC}") = "CleanArchitecture.UnitTest", "CleanArchitecture.UnitTest\CleanArchitecture.UnitTest.csproj", "{7CF1A7AB-BB60-473D-96C3-B4C01BABC6B8}"
EndProject
Project("{FAE04EC0-301F-11D3-BF4B-00C04F79EFBC}") = "CleanArchitecture.Domain", "CleanArchitecture.Domain\CleanArchitecture.Domain.csproj", "{3D224438-0EC8-4025-AC83-BDDDA0D5958D}"
EndProject
Project("{2150E333-8FDC-42A3-9474-1A3956D46DE8}") = "Core", "Core", "{B914782A-0154-4FD2-B136-F75B3821B9E9}"
EndProject
Project("{FAE04EC0-301F-11D3-BF4B-00C04F79EFBC}") = "CleanArchitecture.Application", "CleanArchitecture.Application\CleanArchitecture.Application.csproj", "{BC498B8F-6510-49C7-B8DB-CC977927DFB5}"
EndProject
Project("{FAE04EC0-301F-11D3-BF4B-00C04F79EFBC}") = "CleanArchitecture.Persistence", "CleanArchitecture.Persistence\CleanArchitecture.Persistence.csproj", "{2297966F-96B4-43CC-95BE-D8C6FCAF2834}"
EndProject
Global
	GlobalSection(SolutionConfigurationPlatforms) = preSolution
		Debug|Any CPU = Debug|Any CPU
		Release|Any CPU = Release|Any CPU
	EndGlobalSection
	GlobalSection(ProjectConfigurationPlatforms) = postSolution
		{828ADCC2-6786-4725-8CF3-930DAC19E934}.Debug|Any CPU.ActiveCfg = Debug|Any CPU
		{828ADCC2-6786-4725-8CF3-930DAC19E934}.Debug|Any CPU.Build.0 = Debug|Any CPU
		{828ADCC2-6786-4725-8CF3-930DAC19E934}.Release|Any CPU.ActiveCfg = Release|Any CPU
		{828ADCC2-6786-4725-8CF3-930DAC19E934}.Release|Any CPU.Build.0 = Release|Any CPU
		{7CF1A7AB-BB60-473D-96C3-B4C01BABC6B8}.Debug|Any CPU.ActiveCfg = Debug|Any CPU
		{7CF1A7AB-BB60-473D-96C3-B4C01BABC6B8}.Debug|Any CPU.Build.0 = Debug|Any CPU
		{7CF1A7AB-BB60-473D-96C3-B4C01BABC6B8}.Release|Any CPU.ActiveCfg = Release|Any CPU
		{7CF1A7AB-BB60-473D-96C3-B4C01BABC6B8}.Release|Any CPU.Build.0 = Release|Any CPU
		{3D224438-0EC8-4025-AC83-BDDDA0D5958D}.Debug|Any CPU.ActiveCfg = Debug|Any CPU
		{3D224438-0EC8-4025-AC83-BDDDA0D5958D}.Debug|Any CPU.Build.0 = Debug|Any CPU
		{3D224438-0EC8-4025-AC83-BDDDA0D5958D}.Release|Any CPU.ActiveCfg = Release|Any CPU
		{3D224438-0EC8-4025-AC83-BDDDA0D5958D}.Release|Any CPU.Build.0 = Release|Any CPU
		{BC498B8F-6510-49C7-B8DB-CC977927DFB5}.Debug|Any CPU.ActiveCfg = Debug|Any CPU
		{BC498B8F-6510-49C7-B8DB-CC977927DFB5}.Debug|Any CPU.Build.0 = Debug|Any CPU
		{BC498B8F-6510-49C7-B8DB-CC977927DFB5}.Release|Any CPU.ActiveCfg = Release|Any CPU
		{BC498B8F-6510-49C7-B8DB-CC977927DFB5}.Release|Any CPU.Build.0 = Release|Any CPU
		{2297966F-96B4-43CC-95BE-D8C6FCAF2834}.Debug|Any CPU.ActiveCfg = Debug|Any CPU
		{2297966F-96B4-43CC-95BE-D8C6FCAF2834}.Debug|Any CPU.Build.0 = Debug|Any CPU
		{2297966F-96B4-43CC-95BE-D8C6FCAF2834}.Release|Any CPU.ActiveCfg = Release|Any CPU
		{2297966F-96B4-43CC-95BE-D8C6FCAF2834}.Release|Any CPU.Build.0 = Release|Any CPU
	EndGlobalSection
	GlobalSection(SolutionProperties) = preSolution
		HideSolutionNode = FALSE
	EndGlobalSection
	GlobalSection(NestedProjects) = preSolution
		{828ADCC2-6786-4725-8CF3-930DAC19E934} = {500733FC-D3C2-4BF9-8173-F7C834138AFD}
		{7CF1A7AB-BB60-473D-96C3-B4C01BABC6B8} = {59FD7C9C-288D-4828-AC9A-BDCADD507E48}
		{3D224438-0EC8-4025-AC83-BDDDA0D5958D} = {B914782A-0154-4FD2-B136-F75B3821B9E9}
		{BC498B8F-6510-49C7-B8DB-CC977927DFB5} = {B914782A-0154-4FD2-B136-F75B3821B9E9}
		{2297966F-96B4-43CC-95BE-D8C6FCAF2834} = {4B866164-D38D-4F25-BC92-303CD4D320E2}
	EndGlobalSection
	GlobalSection(ExtensibilityGlobals) = postSolution
		SolutionGuid = {EA8BF2AF-7224-4E1B-9EDF-3B7087AFEF70}
	EndGlobalSection
EndGlobal
